
Microsoft Visual Studio Solution File, Format Version 12.00
# Visual Studio 2012
Project("{FAE04EC0-301F-11D3-BF4B-00C04F79EFBC}") = "XYZ.Ui.Web", "XYZ.Ui.Web\XYZ.Ui.Web.csproj", "{ECCEC864-B082-4731-A4E3-34DB6FDF6BC6}"
	ProjectSection(ProjectDependencies) = postProject
		{AC1E8728-6693-4B9B-BE16-D68E7AFADCE4} = {AC1E8728-6693-4B9B-BE16-D68E7AFADCE4}
		{F9614A9F-B729-4140-9843-4E930C759D8C} = {F9614A9F-B729-4140-9843-4E930C759D8C}
		{7604B0D4-F5F2-4FF0-BCF1-9B1FAF5570DD} = {7604B0D4-F5F2-4FF0-BCF1-9B1FAF5570DD}
	EndProjectSection
EndProject
Project("{2150E333-8FDC-42A3-9474-1A3956D46DE8}") = "Ui", "Ui", "{047E386F-370C-44F8-A348-14673A675C81}"
EndProject
Project("{2150E333-8FDC-42A3-9474-1A3956D46DE8}") = "Core", "Core", "{F5244C2B-3238-424C-9C3C-109273053C90}"
EndProject
Project("{2150E333-8FDC-42A3-9474-1A3956D46DE8}") = "Service", "Service", "{0A6037F3-C684-4BB4-B748-74D1F763A712}"
EndProject
Project("{FAE04EC0-301F-11D3-BF4B-00C04F79EFBC}") = "XYZ.Core.Domain", "XYZ.Core.Models\XYZ.Core.Domain.csproj", "{F37D697F-9FEE-4102-96F9-AC06C93BC990}"
EndProject
Project("{FAE04EC0-301F-11D3-BF4B-00C04F79EFBC}") = "XYZ.Core.Dal", "XYZ.Core.Dal\XYZ.Core.Dal.csproj", "{BBCD8802-01FE-438B-9DD2-1345C4DD9972}"
EndProject
Project("{FAE04EC0-301F-11D3-BF4B-00C04F79EFBC}") = "XYZ.Core.Utils", "XYZ.Core.Utils\XYZ.Core.Utils.csproj", "{7604B0D4-F5F2-4FF0-BCF1-9B1FAF5570DD}"
EndProject
Project("{2150E333-8FDC-42A3-9474-1A3956D46DE8}") = ".nuget", ".nuget", "{25102672-F338-4938-A289-D273EB93163A}"
	ProjectSection(SolutionItems) = preProject
		.nuget\NuGet.Config = .nuget\NuGet.Config
		.nuget\NuGet.exe = .nuget\NuGet.exe
		.nuget\NuGet.targets = .nuget\NuGet.targets
	EndProjectSection
EndProject
Project("{FAE04EC0-301F-11D3-BF4B-00C04F79EFBC}") = "XYZ.Services", "XYZ.Services\XYZ.Services.csproj", "{AC1E8728-6693-4B9B-BE16-D68E7AFADCE4}"
	ProjectSection(ProjectDependencies) = postProject
		{A1B83043-79BB-4C53-AF23-3217C42D2C7E} = {A1B83043-79BB-4C53-AF23-3217C42D2C7E}
		{F9614A9F-B729-4140-9843-4E930C759D8C} = {F9614A9F-B729-4140-9843-4E930C759D8C}
		{591079D0-DCB5-4041-8505-8F29D2EAA017} = {591079D0-DCB5-4041-8505-8F29D2EAA017}
	EndProjectSection
EndProject
Project("{FAE04EC0-301F-11D3-BF4B-00C04F79EFBC}") = "XYZ.Services.Contato", "XYZ.Services.Contato\XYZ.Services.Contato.csproj", "{591079D0-DCB5-4041-8505-8F29D2EAA017}"
	ProjectSection(ProjectDependencies) = postProject
		{BBCD8802-01FE-438B-9DD2-1345C4DD9972} = {BBCD8802-01FE-438B-9DD2-1345C4DD9972}
		{F37D697F-9FEE-4102-96F9-AC06C93BC990} = {F37D697F-9FEE-4102-96F9-AC06C93BC990}
		{F9614A9F-B729-4140-9843-4E930C759D8C} = {F9614A9F-B729-4140-9843-4E930C759D8C}
	EndProjectSection
EndProject
Project("{FAE04EC0-301F-11D3-BF4B-00C04F79EFBC}") = "XYZ.Core.Interfaces", "XYZ.Core.Interfaces\XYZ.Core.Interfaces.csproj", "{F9614A9F-B729-4140-9843-4E930C759D8C}"
EndProject
Project("{FAE04EC0-301F-11D3-BF4B-00C04F79EFBC}") = "XYZ.Core.Repository", "XYZ.Core.Repository\XYZ.Core.Repository.csproj", "{D3064C60-C14F-41BF-9017-12B73FD87E69}"
EndProject
Project("{FAE04EC0-301F-11D3-BF4B-00C04F79EFBC}") = "XYZ.Services.Parceiro", "XYZ.Services.Parceiro\XYZ.Services.Parceiro.csproj", "{A1B83043-79BB-4C53-AF23-3217C42D2C7E}"
EndProject
Global
	GlobalSection(SolutionConfigurationPlatforms) = preSolution
		Debug|Any CPU = Debug|Any CPU
		Release|Any CPU = Release|Any CPU
	EndGlobalSection
	GlobalSection(ProjectConfigurationPlatforms) = postSolution
		{ECCEC864-B082-4731-A4E3-34DB6FDF6BC6}.Debug|Any CPU.ActiveCfg = Debug|Any CPU
		{ECCEC864-B082-4731-A4E3-34DB6FDF6BC6}.Debug|Any CPU.Build.0 = Debug|Any CPU
		{ECCEC864-B082-4731-A4E3-34DB6FDF6BC6}.Release|Any CPU.ActiveCfg = Release|Any CPU
		{ECCEC864-B082-4731-A4E3-34DB6FDF6BC6}.Release|Any CPU.Build.0 = Release|Any CPU
		{F37D697F-9FEE-4102-96F9-AC06C93BC990}.Debug|Any CPU.ActiveCfg = Debug|Any CPU
		{F37D697F-9FEE-4102-96F9-AC06C93BC990}.Debug|Any CPU.Build.0 = Debug|Any CPU
		{F37D697F-9FEE-4102-96F9-AC06C93BC990}.Release|Any CPU.ActiveCfg = Release|Any CPU
		{F37D697F-9FEE-4102-96F9-AC06C93BC990}.Release|Any CPU.Build.0 = Release|Any CPU
		{BBCD8802-01FE-438B-9DD2-1345C4DD9972}.Debug|Any CPU.ActiveCfg = Debug|Any CPU
		{BBCD8802-01FE-438B-9DD2-1345C4DD9972}.Debug|Any CPU.Build.0 = Debug|Any CPU
		{BBCD8802-01FE-438B-9DD2-1345C4DD9972}.Release|Any CPU.ActiveCfg = Release|Any CPU
		{BBCD8802-01FE-438B-9DD2-1345C4DD9972}.Release|Any CPU.Build.0 = Release|Any CPU
		{7604B0D4-F5F2-4FF0-BCF1-9B1FAF5570DD}.Debug|Any CPU.ActiveCfg = Debug|Any CPU
		{7604B0D4-F5F2-4FF0-BCF1-9B1FAF5570DD}.Debug|Any CPU.Build.0 = Debug|Any CPU
		{7604B0D4-F5F2-4FF0-BCF1-9B1FAF5570DD}.Release|Any CPU.ActiveCfg = Release|Any CPU
		{7604B0D4-F5F2-4FF0-BCF1-9B1FAF5570DD}.Release|Any CPU.Build.0 = Release|Any CPU
		{AC1E8728-6693-4B9B-BE16-D68E7AFADCE4}.Debug|Any CPU.ActiveCfg = Debug|Any CPU
		{AC1E8728-6693-4B9B-BE16-D68E7AFADCE4}.Debug|Any CPU.Build.0 = Debug|Any CPU
		{AC1E8728-6693-4B9B-BE16-D68E7AFADCE4}.Release|Any CPU.ActiveCfg = Release|Any CPU
		{AC1E8728-6693-4B9B-BE16-D68E7AFADCE4}.Release|Any CPU.Build.0 = Release|Any CPU
		{591079D0-DCB5-4041-8505-8F29D2EAA017}.Debug|Any CPU.ActiveCfg = Debug|Any CPU
		{591079D0-DCB5-4041-8505-8F29D2EAA017}.Debug|Any CPU.Build.0 = Debug|Any CPU
		{591079D0-DCB5-4041-8505-8F29D2EAA017}.Release|Any CPU.ActiveCfg = Release|Any CPU
		{591079D0-DCB5-4041-8505-8F29D2EAA017}.Release|Any CPU.Build.0 = Release|Any CPU
		{F9614A9F-B729-4140-9843-4E930C759D8C}.Debug|Any CPU.ActiveCfg = Debug|Any CPU
		{F9614A9F-B729-4140-9843-4E930C759D8C}.Debug|Any CPU.Build.0 = Debug|Any CPU
		{F9614A9F-B729-4140-9843-4E930C759D8C}.Release|Any CPU.ActiveCfg = Release|Any CPU
		{F9614A9F-B729-4140-9843-4E930C759D8C}.Release|Any CPU.Build.0 = Release|Any CPU
		{D3064C60-C14F-41BF-9017-12B73FD87E69}.Debug|Any CPU.ActiveCfg = Debug|Any CPU
		{D3064C60-C14F-41BF-9017-12B73FD87E69}.Debug|Any CPU.Build.0 = Debug|Any CPU
		{D3064C60-C14F-41BF-9017-12B73FD87E69}.Release|Any CPU.ActiveCfg = Release|Any CPU
		{D3064C60-C14F-41BF-9017-12B73FD87E69}.Release|Any CPU.Build.0 = Release|Any CPU
		{A1B83043-79BB-4C53-AF23-3217C42D2C7E}.Debug|Any CPU.ActiveCfg = Debug|Any CPU
		{A1B83043-79BB-4C53-AF23-3217C42D2C7E}.Debug|Any CPU.Build.0 = Debug|Any CPU
		{A1B83043-79BB-4C53-AF23-3217C42D2C7E}.Release|Any CPU.ActiveCfg = Release|Any CPU
		{A1B83043-79BB-4C53-AF23-3217C42D2C7E}.Release|Any CPU.Build.0 = Release|Any CPU
	EndGlobalSection
	GlobalSection(SolutionProperties) = preSolution
		HideSolutionNode = FALSE
	EndGlobalSection
	GlobalSection(NestedProjects) = preSolution
		{ECCEC864-B082-4731-A4E3-34DB6FDF6BC6} = {047E386F-370C-44F8-A348-14673A675C81}
		{F37D697F-9FEE-4102-96F9-AC06C93BC990} = {F5244C2B-3238-424C-9C3C-109273053C90}
		{BBCD8802-01FE-438B-9DD2-1345C4DD9972} = {F5244C2B-3238-424C-9C3C-109273053C90}
		{7604B0D4-F5F2-4FF0-BCF1-9B1FAF5570DD} = {F5244C2B-3238-424C-9C3C-109273053C90}
		{F9614A9F-B729-4140-9843-4E930C759D8C} = {F5244C2B-3238-424C-9C3C-109273053C90}
		{D3064C60-C14F-41BF-9017-12B73FD87E69} = {F5244C2B-3238-424C-9C3C-109273053C90}
		{AC1E8728-6693-4B9B-BE16-D68E7AFADCE4} = {0A6037F3-C684-4BB4-B748-74D1F763A712}
		{591079D0-DCB5-4041-8505-8F29D2EAA017} = {0A6037F3-C684-4BB4-B748-74D1F763A712}
		{A1B83043-79BB-4C53-AF23-3217C42D2C7E} = {0A6037F3-C684-4BB4-B748-74D1F763A712}
	EndGlobalSection
EndGlobal
